<?xml version="1.0" encoding="utf-8"?>
<Project ToolsVersion="4.0" xmlns="http://schemas.microsoft.com/developer/msbuild/2003">
  <ItemGroup>
    <Filter Include="Source Files">
      <UniqueIdentifier>{4FC737F1-C7A5-4376-A066-2A32D752A2FF}</UniqueIdentifier>
      <Extensions>cpp;c;cc;cxx;c++;cppm;ixx;def;odl;idl;hpj;bat;asm;asmx</Extensions>
    </Filter>
    <Filter Include="Resource Files">
      <UniqueIdentifier>{67DA6AB6-F800-4c08-8B7A-83BB121AAD01}</UniqueIdentifier>
      <Extensions>rc;ico;cur;bmp;dlg;rc2;rct;bin;rgs;gif;jpg;jpeg;jpe;resx;tiff;tif;png;wav;mfcribbon-ms</Extensions>
    </Filter>
    <Filter Include="Source Files\Graphics">
      <UniqueIdentifier>{39f80eee-90a6-4dac-8f36-2818caf52843}</UniqueIdentifier>
    </Filter>
    <Filter Include="Resource Files\Shaders">
      <UniqueIdentifier>{bd02bfce-4e3b-4ca7-85d5-610fa44a209d}</UniqueIdentifier>
    </Filter>
    <Filter Include="Source Files\Core">
      <UniqueIdentifier>{d06b7959-d064-42cd-b0aa-8e750e5e8dfb}</UniqueIdentifier>
    </Filter>
    <Filter Include="Source Files\Core\NGineSTL">
      <UniqueIdentifier>{29e2a1b9-7fbd-4504-832d-2bbe116b1114}</UniqueIdentifier>
    </Filter>
    <Filter Include="Source Files\Core\NGineUtil">
      <UniqueIdentifier>{e3b1562d-5a56-466f-89a8-d09302ad09a8}</UniqueIdentifier>
    </Filter>
  </ItemGroup>
  <ItemGroup>
    <ClInclude Include="DXFamily.h">
      <Filter>Source Files\Graphics</Filter>
    </ClInclude>
    <ClInclude Include="Win32_.h">
      <Filter>Source Files\Graphics</Filter>
    </ClInclude>
    <ClInclude Include="NGineMesh.h">
      <Filter>Source Files\Graphics</Filter>
    </ClInclude>
    <ClInclude Include="Shader.h">
      <Filter>Source Files\Graphics</Filter>
    </ClInclude>
    <ClInclude Include="Engine(Dx11).h">
      <Filter>Source Files\Core</Filter>
    </ClInclude>
    <ClInclude Include="framework.h">
      <Filter>Source Files\Core</Filter>
    </ClInclude>
    <ClInclude Include="Resource.h">
      <Filter>Source Files\Core</Filter>
    </ClInclude>
    <ClInclude Include="targetver.h">
      <Filter>Source Files\Core</Filter>
    </ClInclude>
    <ClInclude Include="NGineHashMap.h">
      <Filter>Source Files\Core\NGineSTL</Filter>
    </ClInclude>
    <ClInclude Include="NGineSLL.h">
      <Filter>Source Files\Core\NGineSTL</Filter>
    </ClInclude>
    <ClInclude Include="NGineMeshLoader.h">
      <Filter>Source Files\Core\NGineUtil</Filter>
    </ClInclude>
    <ClInclude Include="NGineString.h">
      <Filter>Source Files\Core\NGineUtil</Filter>
    </ClInclude>
    <ClInclude Include="NGineLog.h">
      <Filter>Source Files\Core\NGineUtil</Filter>
    </ClInclude>
  </ItemGroup>
  <ItemGroup>
    <ClCompile Include="DXFamily.cpp">
      <Filter>Source Files\Graphics</Filter>
    </ClCompile>
    <ClCompile Include="NGineMesh.cpp">
      <Filter>Source Files\Graphics</Filter>
    </ClCompile>
    <ClCompile Include="WinMain.cpp">
      <Filter>Source Files\Core</Filter>
    </ClCompile>
  </ItemGroup>
  <ItemGroup>
    <ResourceCompile Include="Engine(Dx11).rc">
      <Filter>Resource Files</Filter>
    </ResourceCompile>
  </ItemGroup>
  <ItemGroup>
    <Image Include="small.ico">
      <Filter>Resource Files</Filter>
    </Image>
    <Image Include="Engine(Dx11).ico">
      <Filter>Resource Files</Filter>
    </Image>
  </ItemGroup>
  <ItemGroup>
    <FxCompile Include="VertexShader.hlsl">
      <Filter>Resource Files\Shaders</Filter>
    </FxCompile>
    <FxCompile Include="PixelShader.hlsl">
      <Filter>Resource Files\Shaders</Filter>
    </FxCompile>
    <FxCompile Include="SolidPixelShader.hlsl">
      <Filter>Resource Files\Shaders</Filter>
    </FxCompile>
  </ItemGroup>
</Project>